
Microsoft Visual Studio Solution File, Format Version 12.00
# Visual Studio Version 17
VisualStudioVersion = 17.4.33110.190
MinimumVisualStudioVersion = 10.0.40219.1
Project("{9A19103F-16F7-4668-BE54-9A1E7A4F7556}") = "UseCase1", "UseCase1.csproj", "{5D194323-DB03-4763-B683-55605FFB48EF}"
EndProject
Global
	GlobalSection(SolutionConfigurationPlatforms) = preSolution
		Debug|Any CPU = Debug|Any CPU
		Release|Any CPU = Release|Any CPU
	EndGlobalSection
	GlobalSection(ProjectConfigurationPlatforms) = postSolution
		{5D194323-DB03-4763-B683-55605FFB48EF}.Debug|Any CPU.ActiveCfg = Debug|Any CPU
		{5D194323-DB03-4763-B683-55605FFB48EF}.Debug|Any CPU.Build.0 = Debug|Any CPU
		{5D194323-DB03-4763-B683-55605FFB48EF}.Release|Any CPU.ActiveCfg = Release|Any CPU
		{5D194323-DB03-4763-B683-55605FFB48EF}.Release|Any CPU.Build.0 = Release|Any CPU
	EndGlobalSection
	GlobalSection(SolutionProperties) = preSolution
		HideSolutionNode = FALSE
	EndGlobalSection
	GlobalSection(ExtensibilityGlobals) = postSolution
		SolutionGuid = {3B1C7D72-0F07-4429-963D-61AE36E13ED2}
	EndGlobalSection
EndGlobal
